// !$*UTF8*$!
{
	archiveVersion = 1;
	classes = {
	};
	objectVersion = 77;
	objects = {

/* Begin PBXBuildFile section */
		49717B352DA9F4DA00E80306 /* Dependencies in Frameworks */ = {isa = PBXBuildFile; productRef = 49717B342DA9F4DA00E80306 /* Dependencies */; };
		49717B372DA9F4DA00E80306 /* DependenciesMacros in Frameworks */ = {isa = PBXBuildFile; productRef = 49717B362DA9F4DA00E80306 /* DependenciesMacros */; };
/* End PBXBuildFile section */

/* Begin PBXContainerItemProxy section */
		49717B092DA9E3BB00E80306 /* PBXContainerItemProxy */ = {
			isa = PBXContainerItemProxy;
			containerPortal = 49717AF02DA9E3B800E80306 /* Project object */;
			proxyType = 1;
			remoteGlobalIDString = 49717AF72DA9E3B800E80306;
			remoteInfo = "Crypto-iOS";
		};
		49717B132DA9E3BB00E80306 /* PBXContainerItemProxy */ = {
			isa = PBXContainerItemProxy;
			containerPortal = 49717AF02DA9E3B800E80306 /* Project object */;
			proxyType = 1;
			remoteGlobalIDString = 49717AF72DA9E3B800E80306;
			remoteInfo = "Crypto-iOS";
		};
/* End PBXContainerItemProxy section */

/* Begin PBXFileReference section */
		49717AF82DA9E3B800E80306 /* Crypto-iOS.app */ = {isa = PBXFileReference; explicitFileType = wrapper.application; includeInIndex = 0; path = "Crypto-iOS.app"; sourceTree = BUILT_PRODUCTS_DIR; };
		49717B082DA9E3BB00E80306 /* Crypto-iOSTests.xctest */ = {isa = PBXFileReference; explicitFileType = wrapper.cfbundle; includeInIndex = 0; path = "Crypto-iOSTests.xctest"; sourceTree = BUILT_PRODUCTS_DIR; };
		49717B122DA9E3BB00E80306 /* Crypto-iOSUITests.xctest */ = {isa = PBXFileReference; explicitFileType = wrapper.cfbundle; includeInIndex = 0; path = "Crypto-iOSUITests.xctest"; sourceTree = BUILT_PRODUCTS_DIR; };
/* End PBXFileReference section */

/* Begin PBXFileSystemSynchronizedRootGroup section */
		49717AFA2DA9E3B800E80306 /* Crypto-iOS */ = {
			isa = PBXFileSystemSynchronizedRootGroup;
			path = "Crypto-iOS";
			sourceTree = "<group>";
		};
		49717B0B2DA9E3BB00E80306 /* Crypto-iOSTests */ = {
			isa = PBXFileSystemSynchronizedRootGroup;
			path = "Crypto-iOSTests";
			sourceTree = "<group>";
		};
		49717B152DA9E3BB00E80306 /* Crypto-iOSUITests */ = {
			isa = PBXFileSystemSynchronizedRootGroup;
			path = "Crypto-iOSUITests";
			sourceTree = "<group>";
		};
/* End PBXFileSystemSynchronizedRootGroup section */

/* Begin PBXFrameworksBuildPhase section */
		49717AF52DA9E3B800E80306 /* Frameworks */ = {
			isa = PBXFrameworksBuildPhase;
			buildActionMask = 2147483647;
			files = (
				49717B372DA9F4DA00E80306 /* DependenciesMacros in Frameworks */,
				49717B352DA9F4DA00E80306 /* Dependencies in Frameworks */,
			);
			runOnlyForDeploymentPostprocessing = 0;
		};
		49717B052DA9E3BB00E80306 /* Frameworks */ = {
			isa = PBXFrameworksBuildPhase;
			buildActionMask = 2147483647;
			files = (
			);
			runOnlyForDeploymentPostprocessing = 0;
		};
		49717B0F2DA9E3BB00E80306 /* Frameworks */ = {
			isa = PBXFrameworksBuildPhase;
			buildActionMask = 2147483647;
			files = (
			);
			runOnlyForDeploymentPostprocessing = 0;
		};
/* End PBXFrameworksBuildPhase section */

/* Begin PBXGroup section */
		49717AEF2DA9E3B800E80306 = {
			isa = PBXGroup;
			children = (
				49717AFA2DA9E3B800E80306 /* Crypto-iOS */,
				49717B0B2DA9E3BB00E80306 /* Crypto-iOSTests */,
				49717B152DA9E3BB00E80306 /* Crypto-iOSUITests */,
				49717AF92DA9E3B800E80306 /* Products */,
			);
			sourceTree = "<group>";
		};
		49717AF92DA9E3B800E80306 /* Products */ = {
			isa = PBXGroup;
			children = (
				49717AF82DA9E3B800E80306 /* Crypto-iOS.app */,
				49717B082DA9E3BB00E80306 /* Crypto-iOSTests.xctest */,
				49717B122DA9E3BB00E80306 /* Crypto-iOSUITests.xctest */,
			);
			name = Products;
			sourceTree = "<group>";
		};
/* End PBXGroup section */

/* Begin PBXNativeTarget section */
		49717AF72DA9E3B800E80306 /* Crypto-iOS */ = {
			isa = PBXNativeTarget;
			buildConfigurationList = 49717B1C2DA9E3BB00E80306 /* Build configuration list for PBXNativeTarget "Crypto-iOS" */;
			buildPhases = (
				49717AF42DA9E3B800E80306 /* Sources */,
				49717AF52DA9E3B800E80306 /* Frameworks */,
				49717AF62DA9E3B800E80306 /* Resources */,
			);
			buildRules = (
			);
			dependencies = (
			);
			fileSystemSynchronizedGroups = (
				49717AFA2DA9E3B800E80306 /* Crypto-iOS */,
			);
			name = "Crypto-iOS";
			packageProductDependencies = (
				49717B342DA9F4DA00E80306 /* Dependencies */,
				49717B362DA9F4DA00E80306 /* DependenciesMacros */,
			);
			productName = "Crypto-iOS";
			productReference = 49717AF82DA9E3B800E80306 /* Crypto-iOS.app */;
			productType = "com.apple.product-type.application";
		};
		49717B072DA9E3BB00E80306 /* Crypto-iOSTests */ = {
			isa = PBXNativeTarget;
			buildConfigurationList = 49717B1F2DA9E3BB00E80306 /* Build configuration list for PBXNativeTarget "Crypto-iOSTests" */;
			buildPhases = (
				49717B042DA9E3BB00E80306 /* Sources */,
				49717B052DA9E3BB00E80306 /* Frameworks */,
				49717B062DA9E3BB00E80306 /* Resources */,
			);
			buildRules = (
			);
			dependencies = (
				49717B0A2DA9E3BB00E80306 /* PBXTargetDependency */,
			);
			fileSystemSynchronizedGroups = (
				49717B0B2DA9E3BB00E80306 /* Crypto-iOSTests */,
			);
			name = "Crypto-iOSTests";
			packageProductDependencies = (
			);
			productName = "Crypto-iOSTests";
			productReference = 49717B082DA9E3BB00E80306 /* Crypto-iOSTests.xctest */;
			productType = "com.apple.product-type.bundle.unit-test";
		};
		49717B112DA9E3BB00E80306 /* Crypto-iOSUITests */ = {
			isa = PBXNativeTarget;
			buildConfigurationList = 49717B222DA9E3BB00E80306 /* Build configuration list for PBXNativeTarget "Crypto-iOSUITests" */;
			buildPhases = (
				49717B0E2DA9E3BB00E80306 /* Sources */,
				49717B0F2DA9E3BB00E80306 /* Frameworks */,
				49717B102DA9E3BB00E80306 /* Resources */,
			);
			buildRules = (
			);
			dependencies = (
				49717B142DA9E3BB00E80306 /* PBXTargetDependency */,
			);
			fileSystemSynchronizedGroups = (
				49717B152DA9E3BB00E80306 /* Crypto-iOSUITests */,
			);
			name = "Crypto-iOSUITests";
			packageProductDependencies = (
			);
			productName = "Crypto-iOSUITests";
			productReference = 49717B122DA9E3BB00E80306 /* Crypto-iOSUITests.xctest */;
			productType = "com.apple.product-type.bundle.ui-testing";
		};
/* End PBXNativeTarget section */

/* Begin PBXProject section */
		49717AF02DA9E3B800E80306 /* Project object */ = {
			isa = PBXProject;
			attributes = {
				BuildIndependentTargetsInParallel = 1;
				LastSwiftUpdateCheck = 1620;
				LastUpgradeCheck = 1620;
				TargetAttributes = {
					49717AF72DA9E3B800E80306 = {
						CreatedOnToolsVersion = 16.2;
					};
					49717B072DA9E3BB00E80306 = {
						CreatedOnToolsVersion = 16.2;
						TestTargetID = 49717AF72DA9E3B800E80306;
					};
					49717B112DA9E3BB00E80306 = {
						CreatedOnToolsVersion = 16.2;
						TestTargetID = 49717AF72DA9E3B800E80306;
					};
				};
			};
			buildConfigurationList = 49717AF32DA9E3B800E80306 /* Build configuration list for PBXProject "Crypto-iOS" */;
			developmentRegion = en;
			hasScannedForEncodings = 0;
			knownRegions = (
				en,
				Base,
			);
			mainGroup = 49717AEF2DA9E3B800E80306;
			minimizedProjectReferenceProxies = 1;
			packageReferences = (
				49717B332DA9F4DA00E80306 /* XCRemoteSwiftPackageReference "swift-dependencies" */,
				494862FA2DB9B434009F82BF /* XCRemoteSwiftPackageReference "firebase-ios-sdk" */,
			);
			preferredProjectObjectVersion = 77;
			productRefGroup = 49717AF92DA9E3B800E80306 /* Products */;
			projectDirPath = "";
			projectRoot = "";
			targets = (
				49717AF72DA9E3B800E80306 /* Crypto-iOS */,
				49717B072DA9E3BB00E80306 /* Crypto-iOSTests */,
				49717B112DA9E3BB00E80306 /* Crypto-iOSUITests */,
			);
		};
/* End PBXProject section */

/* Begin PBXResourcesBuildPhase section */
		49717AF62DA9E3B800E80306 /* Resources */ = {
			isa = PBXResourcesBuildPhase;
			buildActionMask = 2147483647;
			files = (
			);
			runOnlyForDeploymentPostprocessing = 0;
		};
		49717B062DA9E3BB00E80306 /* Resources */ = {
			isa = PBXResourcesBuildPhase;
			buildActionMask = 2147483647;
			files = (
			);
			runOnlyForDeploymentPostprocessing = 0;
		};
		49717B102DA9E3BB00E80306 /* Resources */ = {
			isa = PBXResourcesBuildPhase;
			buildActionMask = 2147483647;
			files = (
			);
			runOnlyForDeploymentPostprocessing = 0;
		};
/* End PBXResourcesBuildPhase section */

/* Begin PBXSourcesBuildPhase section */
		49717AF42DA9E3B800E80306 /* Sources */ = {
			isa = PBXSourcesBuildPhase;
			buildActionMask = 2147483647;
			files = (
			);
			runOnlyForDeploymentPostprocessing = 0;
		};
		49717B042DA9E3BB00E80306 /* Sources */ = {
			isa = PBXSourcesBuildPhase;
			buildActionMask = 2147483647;
			files = (
			);
			runOnlyForDeploymentPostprocessing = 0;
		};
		49717B0E2DA9E3BB00E80306 /* Sources */ = {
			isa = PBXSourcesBuildPhase;
			buildActionMask = 2147483647;
			files = (
			);
			runOnlyForDeploymentPostprocessing = 0;
		};
/* End PBXSourcesBuildPhase section */

/* Begin PBXTargetDependency section */
		49717B0A2DA9E3BB00E80306 /* PBXTargetDependency */ = {
			isa = PBXTargetDependency;
			target = 49717AF72DA9E3B800E80306 /* Crypto-iOS */;
			targetProxy = 49717B092DA9E3BB00E80306 /* PBXContainerItemProxy */;
		};
		49717B142DA9E3BB00E80306 /* PBXTargetDependency */ = {
			isa = PBXTargetDependency;
			target = 49717AF72DA9E3B800E80306 /* Crypto-iOS */;
			targetProxy = 49717B132DA9E3BB00E80306 /* PBXContainerItemProxy */;
		};
/* End PBXTargetDependency section */

/* Begin XCBuildConfiguration section */
		49717B1A2DA9E3BB00E80306 /* Debug */ = {
			isa = XCBuildConfiguration;
			buildSettings = {
				ALWAYS_SEARCH_USER_PATHS = NO;
				ASSETCATALOG_COMPILER_GENERATE_SWIFT_ASSET_SYMBOL_EXTENSIONS = YES;
				CLANG_ANALYZER_NONNULL = YES;
				CLANG_ANALYZER_NUMBER_OBJECT_CONVERSION = YES_AGGRESSIVE;
				CLANG_CXX_LANGUAGE_STANDARD = "gnu++20";
				CLANG_ENABLE_MODULES = YES;
				CLANG_ENABLE_OBJC_ARC = YES;
				CLANG_ENABLE_OBJC_WEAK = YES;
				CLANG_WARN_BLOCK_CAPTURE_AUTORELEASING = YES;
				CLANG_WARN_BOOL_CONVERSION = YES;
				CLANG_WARN_COMMA = YES;
				CLANG_WARN_CONSTANT_CONVERSION = YES;
				CLANG_WARN_DEPRECATED_OBJC_IMPLEMENTATIONS = YES;
				CLANG_WARN_DIRECT_OBJC_ISA_USAGE = YES_ERROR;
				CLANG_WARN_DOCUMENTATION_COMMENTS = YES;
				CLANG_WARN_EMPTY_BODY = YES;
				CLANG_WARN_ENUM_CONVERSION = YES;
				CLANG_WARN_INFINITE_RECURSION = YES;
				CLANG_WARN_INT_CONVERSION = YES;
				CLANG_WARN_NON_LITERAL_NULL_CONVERSION = YES;
				CLANG_WARN_OBJC_IMPLICIT_RETAIN_SELF = YES;
				CLANG_WARN_OBJC_LITERAL_CONVERSION = YES;
				CLANG_WARN_OBJC_ROOT_CLASS = YES_ERROR;
				CLANG_WARN_QUOTED_INCLUDE_IN_FRAMEWORK_HEADER = YES;
				CLANG_WARN_RANGE_LOOP_ANALYSIS = YES;
				CLANG_WARN_STRICT_PROTOTYPES = YES;
				CLANG_WARN_SUSPICIOUS_MOVE = YES;
				CLANG_WARN_UNGUARDED_AVAILABILITY = YES_AGGRESSIVE;
				CLANG_WARN_UNREACHABLE_CODE = YES;
				CLANG_WARN__DUPLICATE_METHOD_MATCH = YES;
				COPY_PHASE_STRIP = NO;
				DEBUG_INFORMATION_FORMAT = dwarf;
				ENABLE_STRICT_OBJC_MSGSEND = YES;
				ENABLE_TESTABILITY = YES;
				ENABLE_USER_SCRIPT_SANDBOXING = YES;
				GCC_C_LANGUAGE_STANDARD = gnu17;
				GCC_DYNAMIC_NO_PIC = NO;
				GCC_NO_COMMON_BLOCKS = YES;
				GCC_OPTIMIZATION_LEVEL = 0;
				GCC_PREPROCESSOR_DEFINITIONS = (
					"DEBUG=1",
					"$(inherited)",
				);
				GCC_WARN_64_TO_32_BIT_CONVERSION = YES;
				GCC_WARN_ABOUT_RETURN_TYPE = YES_ERROR;
				GCC_WARN_UNDECLARED_SELECTOR = YES;
				GCC_WARN_UNINITIALIZED_AUTOS = YES_AGGRESSIVE;
				GCC_WARN_UNUSED_FUNCTION = YES;
				GCC_WARN_UNUSED_VARIABLE = YES;
				IPHONEOS_DEPLOYMENT_TARGET = 18.2;
				LOCALIZATION_PREFERS_STRING_CATALOGS = YES;
				MTL_ENABLE_DEBUG_INFO = INCLUDE_SOURCE;
				MTL_FAST_MATH = YES;
				ONLY_ACTIVE_ARCH = YES;
				SDKROOT = iphoneos;
				SWIFT_ACTIVE_COMPILATION_CONDITIONS = "DEBUG $(inherited)";
				SWIFT_OPTIMIZATION_LEVEL = "-Onone";
			};
			name = Debug;
		};
		49717B1B2DA9E3BB00E80306 /* Release */ = {
			isa = XCBuildConfiguration;
			buildSettings = {
				ALWAYS_SEARCH_USER_PATHS = NO;
				ASSETCATALOG_COMPILER_GENERATE_SWIFT_ASSET_SYMBOL_EXTENSIONS = YES;
				CLANG_ANALYZER_NONNULL = YES;
				CLANG_ANALYZER_NUMBER_OBJECT_CONVERSION = YES_AGGRESSIVE;
				CLANG_CXX_LANGUAGE_STANDARD = "gnu++20";
				CLANG_ENABLE_MODULES = YES;
				CLANG_ENABLE_OBJC_ARC = YES;
				CLANG_ENABLE_OBJC_WEAK = YES;
				CLANG_WARN_BLOCK_CAPTURE_AUTORELEASING = YES;
				CLANG_WARN_BOOL_CONVERSION = YES;
				CLANG_WARN_COMMA = YES;
				CLANG_WARN_CONSTANT_CONVERSION = YES;
				CLANG_WARN_DEPRECATED_OBJC_IMPLEMENTATIONS = YES;
				CLANG_WARN_DIRECT_OBJC_ISA_USAGE = YES_ERROR;
				CLANG_WARN_DOCUMENTATION_COMMENTS = YES;
				CLANG_WARN_EMPTY_BODY = YES;
				CLANG_WARN_ENUM_CONVERSION = YES;
				CLANG_WARN_INFINITE_RECURSION = YES;
				CLANG_WARN_INT_CONVERSION = YES;
				CLANG_WARN_NON_LITERAL_NULL_CONVERSION = YES;
				CLANG_WARN_OBJC_IMPLICIT_RETAIN_SELF = YES;
				CLANG_WARN_OBJC_LITERAL_CONVERSION = YES;
				CLANG_WARN_OBJC_ROOT_CLASS = YES_ERROR;
				CLANG_WARN_QUOTED_INCLUDE_IN_FRAMEWORK_HEADER = YES;
				CLANG_WARN_RANGE_LOOP_ANALYSIS = YES;
				CLANG_WARN_STRICT_PROTOTYPES = YES;
				CLANG_WARN_SUSPICIOUS_MOVE = YES;
				CLANG_WARN_UNGUARDED_AVAILABILITY = YES_AGGRESSIVE;
				CLANG_WARN_UNREACHABLE_CODE = YES;
				CLANG_WARN__DUPLICATE_METHOD_MATCH = YES;
				COPY_PHASE_STRIP = NO;
				DEBUG_INFORMATION_FORMAT = "dwarf-with-dsym";
				ENABLE_NS_ASSERTIONS = NO;
				ENABLE_STRICT_OBJC_MSGSEND = YES;
				ENABLE_USER_SCRIPT_SANDBOXING = YES;
				GCC_C_LANGUAGE_STANDARD = gnu17;
				GCC_NO_COMMON_BLOCKS = YES;
				GCC_WARN_64_TO_32_BIT_CONVERSION = YES;
				GCC_WARN_ABOUT_RETURN_TYPE = YES_ERROR;
				GCC_WARN_UNDECLARED_SELECTOR = YES;
				GCC_WARN_UNINITIALIZED_AUTOS = YES_AGGRESSIVE;
				GCC_WARN_UNUSED_FUNCTION = YES;
				GCC_WARN_UNUSED_VARIABLE = YES;
				IPHONEOS_DEPLOYMENT_TARGET = 18.2;
				LOCALIZATION_PREFERS_STRING_CATALOGS = YES;
				MTL_ENABLE_DEBUG_INFO = NO;
				MTL_FAST_MATH = YES;
				SDKROOT = iphoneos;
				SWIFT_COMPILATION_MODE = wholemodule;
				VALIDATE_PRODUCT = YES;
			};
			name = Release;
		};
		49717B1D2DA9E3BB00E80306 /* Debug */ = {
			isa = XCBuildConfiguration;
			buildSettings = {
				ASSETCATALOG_COMPILER_APPICON_NAME = AppIcon;
				ASSETCATALOG_COMPILER_GLOBAL_ACCENT_COLOR_NAME = AccentColor;
				CODE_SIGN_STYLE = Automatic;
				CURRENT_PROJECT_VERSION = 1;
				DEVELOPMENT_ASSET_PATHS = "\"Crypto-iOS/Preview Content\"";
				ENABLE_PREVIEWS = YES;
				GENERATE_INFOPLIST_FILE = YES;
				INFOPLIST_KEY_UIApplicationSceneManifest_Generation = YES;
				INFOPLIST_KEY_UIApplicationSupportsIndirectInputEvents = YES;
				INFOPLIST_KEY_UILaunchScreen_Generation = YES;
				INFOPLIST_KEY_UISupportedInterfaceOrientations_iPad = "UIInterfaceOrientationPortrait UIInterfaceOrientationPortraitUpsideDown UIInterfaceOrientationLandscapeLeft UIInterfaceOrientationLandscapeRight";
				INFOPLIST_KEY_UISupportedInterfaceOrientations_iPhone = "UIInterfaceOrientationPortrait UIInterfaceOrientationLandscapeLeft UIInterfaceOrientationLandscapeRight";
				LD_RUNPATH_SEARCH_PATHS = (
					"$(inherited)",
					"@executable_path/Frameworks",
				);
				MARKETING_VERSION = 1.0;
				PRODUCT_BUNDLE_IDENTIFIER = "compaojp.Crypto-iOS";
				PRODUCT_NAME = "$(TARGET_NAME)";
				SWIFT_EMIT_LOC_STRINGS = YES;
				SWIFT_VERSION = 5.0;
				TARGETED_DEVICE_FAMILY = "1,2";
			};
			name = Debug;
		};
		49717B1E2DA9E3BB00E80306 /* Release */ = {
			isa = XCBuildConfiguration;
			buildSettings = {
				ASSETCATALOG_COMPILER_APPICON_NAME = AppIcon;
				ASSETCATALOG_COMPILER_GLOBAL_ACCENT_COLOR_NAME = AccentColor;
				CODE_SIGN_STYLE = Automatic;
				CURRENT_PROJECT_VERSION = 1;
				DEVELOPMENT_ASSET_PATHS = "\"Crypto-iOS/Preview Content\"";
				ENABLE_PREVIEWS = YES;
				GENERATE_INFOPLIST_FILE = YES;
				INFOPLIST_KEY_UIApplicationSceneManifest_Generation = YES;
				INFOPLIST_KEY_UIApplicationSupportsIndirectInputEvents = YES;
				INFOPLIST_KEY_UILaunchScreen_Generation = YES;
				INFOPLIST_KEY_UISupportedInterfaceOrientations_iPad = "UIInterfaceOrientationPortrait UIInterfaceOrientationPortraitUpsideDown UIInterfaceOrientationLandscapeLeft UIInterfaceOrientationLandscapeRight";
				INFOPLIST_KEY_UISupportedInterfaceOrientations_iPhone = "UIInterfaceOrientationPortrait UIInterfaceOrientationLandscapeLeft UIInterfaceOrientationLandscapeRight";
				LD_RUNPATH_SEARCH_PATHS = (
					"$(inherited)",
					"@executable_path/Frameworks",
				);
				MARKETING_VERSION = 1.0;
				PRODUCT_BUNDLE_IDENTIFIER = "compaojp.Crypto-iOS";
				PRODUCT_NAME = "$(TARGET_NAME)";
				SWIFT_EMIT_LOC_STRINGS = YES;
				SWIFT_VERSION = 5.0;
				TARGETED_DEVICE_FAMILY = "1,2";
			};
			name = Release;
		};
		49717B202DA9E3BB00E80306 /* Debug */ = {
			isa = XCBuildConfiguration;
			buildSettings = {
				BUNDLE_LOADER = "$(TEST_HOST)";
				CODE_SIGN_STYLE = Automatic;
				CURRENT_PROJECT_VERSION = 1;
				GENERATE_INFOPLIST_FILE = YES;
				IPHONEOS_DEPLOYMENT_TARGET = 18.2;
				MARKETING_VERSION = 1.0;
				PRODUCT_BUNDLE_IDENTIFIER = "compaojp.Crypto-iOSTests";
				PRODUCT_NAME = "$(TARGET_NAME)";
				SWIFT_EMIT_LOC_STRINGS = NO;
				SWIFT_VERSION = 5.0;
				TARGETED_DEVICE_FAMILY = "1,2";
				TEST_HOST = "$(BUILT_PRODUCTS_DIR)/Crypto-iOS.app/$(BUNDLE_EXECUTABLE_FOLDER_PATH)/Crypto-iOS";
			};
			name = Debug;
		};
		49717B212DA9E3BB00E80306 /* Release */ = {
			isa = XCBuildConfiguration;
			buildSettings = {
				BUNDLE_LOADER = "$(TEST_HOST)";
				CODE_SIGN_STYLE = Automatic;
				CURRENT_PROJECT_VERSION = 1;
				GENERATE_INFOPLIST_FILE = YES;
				IPHONEOS_DEPLOYMENT_TARGET = 18.2;
				MARKETING_VERSION = 1.0;
				PRODUCT_BUNDLE_IDENTIFIER = "compaojp.Crypto-iOSTests";
				PRODUCT_NAME = "$(TARGET_NAME)";
				SWIFT_EMIT_LOC_STRINGS = NO;
				SWIFT_VERSION = 5.0;
				TARGETED_DEVICE_FAMILY = "1,2";
				TEST_HOST = "$(BUILT_PRODUCTS_DIR)/Crypto-iOS.app/$(BUNDLE_EXECUTABLE_FOLDER_PATH)/Crypto-iOS";
			};
			name = Release;
		};
		49717B232DA9E3BB00E80306 /* Debug */ = {
			isa = XCBuildConfiguration;
			buildSettings = {
				CODE_SIGN_STYLE = Automatic;
				CURRENT_PROJECT_VERSION = 1;
				GENERATE_INFOPLIST_FILE = YES;
				MARKETING_VERSION = 1.0;
				PRODUCT_BUNDLE_IDENTIFIER = "compaojp.Crypto-iOSUITests";
				PRODUCT_NAME = "$(TARGET_NAME)";
				SWIFT_EMIT_LOC_STRINGS = NO;
				SWIFT_VERSION = 5.0;
				TARGETED_DEVICE_FAMILY = "1,2";
				TEST_TARGET_NAME = "Crypto-iOS";
			};
			name = Debug;
		};
		49717B242DA9E3BB00E80306 /* Release */ = {
			isa = XCBuildConfiguration;
			buildSettings = {
				CODE_SIGN_STYLE = Automatic;
				CURRENT_PROJECT_VERSION = 1;
				GENERATE_INFOPLIST_FILE = YES;
				MARKETING_VERSION = 1.0;
				PRODUCT_BUNDLE_IDENTIFIER = "compaojp.Crypto-iOSUITests";
				PRODUCT_NAME = "$(TARGET_NAME)";
				SWIFT_EMIT_LOC_STRINGS = NO;
				SWIFT_VERSION = 5.0;
				TARGETED_DEVICE_FAMILY = "1,2";
				TEST_TARGET_NAME = "Crypto-iOS";
			};
			name = Release;
		};
/* End XCBuildConfiguration section */

/* Begin XCConfigurationList section */
		49717AF32DA9E3B800E80306 /* Build configuration list for PBXProject "Crypto-iOS" */ = {
			isa = XCConfigurationList;
			buildConfigurations = (
				49717B1A2DA9E3BB00E80306 /* Debug */,
				49717B1B2DA9E3BB00E80306 /* Release */,
			);
			defaultConfigurationIsVisible = 0;
			defaultConfigurationName = Release;
		};
		49717B1C2DA9E3BB00E80306 /* Build configuration list for PBXNativeTarget "Crypto-iOS" */ = {
			isa = XCConfigurationList;
			buildConfigurations = (
				49717B1D2DA9E3BB00E80306 /* Debug */,
				49717B1E2DA9E3BB00E80306 /* Release */,
			);
			defaultConfigurationIsVisible = 0;
			defaultConfigurationName = Release;
		};
		49717B1F2DA9E3BB00E80306 /* Build configuration list for PBXNativeTarget "Crypto-iOSTests" */ = {
			isa = XCConfigurationList;
			buildConfigurations = (
				49717B202DA9E3BB00E80306 /* Debug */,
				49717B212DA9E3BB00E80306 /* Release */,
			);
			defaultConfigurationIsVisible = 0;
			defaultConfigurationName = Release;
		};
		49717B222DA9E3BB00E80306 /* Build configuration list for PBXNativeTarget "Crypto-iOSUITests" */ = {
			isa = XCConfigurationList;
			buildConfigurations = (
				49717B232DA9E3BB00E80306 /* Debug */,
				49717B242DA9E3BB00E80306 /* Release */,
			);
			defaultConfigurationIsVisible = 0;
			defaultConfigurationName = Release;
		};
/* End XCConfigurationList section */

/* Begin XCRemoteSwiftPackageReference section */
		494862FA2DB9B434009F82BF /* XCRemoteSwiftPackageReference "firebase-ios-sdk" */ = {
			isa = XCRemoteSwiftPackageReference;
			repositoryURL = "https://github.com/firebase/firebase-ios-sdk";
			requirement = {
				kind = upToNextMajorVersion;
				minimumVersion = 11.12.0;
			};
		};
		49717B332DA9F4DA00E80306 /* XCRemoteSwiftPackageReference "swift-dependencies" */ = {
			isa = XCRemoteSwiftPackageReference;
			repositoryURL = "https://github.com/pointfreeco/swift-dependencies.git";
			requirement = {
				kind = upToNextMajorVersion;
				minimumVersion = 1.9.1;
			};
		};
/* End XCRemoteSwiftPackageReference section */

/* Begin XCSwiftPackageProductDependency section */
		49717B342DA9F4DA00E80306 /* Dependencies */ = {
			isa = XCSwiftPackageProductDependency;
			package = 49717B332DA9F4DA00E80306 /* XCRemoteSwiftPackageReference "swift-dependencies" */;
			productName = Dependencies;
		};
		49717B362DA9F4DA00E80306 /* DependenciesMacros */ = {
			isa = XCSwiftPackageProductDependency;
			package = 49717B332DA9F4DA00E80306 /* XCRemoteSwiftPackageReference "swift-dependencies" */;
			productName = DependenciesMacros;
		};
/* End XCSwiftPackageProductDependency section */
	};
	rootObject = 49717AF02DA9E3B800E80306 /* Project object */;
}
